
Microsoft Visual Studio Solution File, Format Version 12.00
# Visual Studio Version 17
VisualStudioVersion = 17.5.33516.290
MinimumVisualStudioVersion = 10.0.40219.1
Project("{9A19103F-16F7-4668-BE54-9A1E7A4F7556}") = "FIFOCalculator", "src\FIFOCalculator\FIFOCalculator.csproj", "{6802C65E-25DC-4971-A36D-7188BA3533BC}"
EndProject
Project("{9A19103F-16F7-4668-BE54-9A1E7A4F7556}") = "FIFOCalculator.Android", "src\FIFOCalculator.Android\FIFOCalculator.Android.csproj", "{952FF702-9D84-4046-A51B-76A5283F9A84}"
EndProject
Project("{9A19103F-16F7-4668-BE54-9A1E7A4F7556}") = "FIFOCalculator.Desktop", "src\FIFOCalculator.Desktop\FIFOCalculator.Desktop.csproj", "{9CDE746F-CA21-42CE-94A4-F4610F5F53F0}"
EndProject
Project("{9A19103F-16F7-4668-BE54-9A1E7A4F7556}") = "_build", "build\_build.csproj", "{B26C9958-7C49-4600-9464-80B1138F931E}"
EndProject
Global
	GlobalSection(SolutionConfigurationPlatforms) = preSolution
		Debug|Any CPU = Debug|Any CPU
		Release|Any CPU = Release|Any CPU
	EndGlobalSection
	GlobalSection(ProjectConfigurationPlatforms) = postSolution
		{B26C9958-7C49-4600-9464-80B1138F931E}.Debug|Any CPU.ActiveCfg = Debug|Any CPU
		{B26C9958-7C49-4600-9464-80B1138F931E}.Release|Any CPU.ActiveCfg = Release|Any CPU
		{6802C65E-25DC-4971-A36D-7188BA3533BC}.Debug|Any CPU.ActiveCfg = Debug|Any CPU
		{6802C65E-25DC-4971-A36D-7188BA3533BC}.Debug|Any CPU.Build.0 = Debug|Any CPU
		{6802C65E-25DC-4971-A36D-7188BA3533BC}.Release|Any CPU.ActiveCfg = Release|Any CPU
		{6802C65E-25DC-4971-A36D-7188BA3533BC}.Release|Any CPU.Build.0 = Release|Any CPU
		{952FF702-9D84-4046-A51B-76A5283F9A84}.Debug|Any CPU.ActiveCfg = Debug|Any CPU
		{952FF702-9D84-4046-A51B-76A5283F9A84}.Debug|Any CPU.Build.0 = Debug|Any CPU
		{952FF702-9D84-4046-A51B-76A5283F9A84}.Debug|Any CPU.Deploy.0 = Debug|Any CPU
		{952FF702-9D84-4046-A51B-76A5283F9A84}.Release|Any CPU.ActiveCfg = Release|Any CPU
		{952FF702-9D84-4046-A51B-76A5283F9A84}.Release|Any CPU.Build.0 = Release|Any CPU
		{952FF702-9D84-4046-A51B-76A5283F9A84}.Release|Any CPU.Deploy.0 = Release|Any CPU
		{9CDE746F-CA21-42CE-94A4-F4610F5F53F0}.Debug|Any CPU.ActiveCfg = Debug|Any CPU
		{9CDE746F-CA21-42CE-94A4-F4610F5F53F0}.Debug|Any CPU.Build.0 = Debug|Any CPU
		{9CDE746F-CA21-42CE-94A4-F4610F5F53F0}.Release|Any CPU.ActiveCfg = Release|Any CPU
		{9CDE746F-CA21-42CE-94A4-F4610F5F53F0}.Release|Any CPU.Build.0 = Release|Any CPU
	EndGlobalSection
	GlobalSection(SolutionProperties) = preSolution
		HideSolutionNode = FALSE
	EndGlobalSection
	GlobalSection(ExtensibilityGlobals) = postSolution
		SolutionGuid = {9D1A949B-25CC-4E44-A632-2824A511C547}
	EndGlobalSection
EndGlobal
