
Microsoft Visual Studio Solution File, Format Version 12.00
# Visual Studio Version 17
VisualStudioVersion = 17.5.33516.290
MinimumVisualStudioVersion = 10.0.40219.1
Project("{9A19103F-16F7-4668-BE54-9A1E7A4F7556}") = "FIFOCalculator", "src\FIFOCalculator\FIFOCalculator.csproj", "{6802C65E-25DC-4971-A36D-7188BA3533BC}"
EndProject
Project("{9A19103F-16F7-4668-BE54-9A1E7A4F7556}") = "FIFOCalculator.Android", "src\FIFOCalculator.Android\FIFOCalculator.Android.csproj", "{952FF702-9D84-4046-A51B-76A5283F9A84}"
EndProject
Project("{9A19103F-16F7-4668-BE54-9A1E7A4F7556}") = "FIFOCalculator.Desktop", "src\FIFOCalculator.Desktop\FIFOCalculator.Desktop.csproj", "{9CDE746F-CA21-42CE-94A4-F4610F5F53F0}"
EndProject
Project("{9A19103F-16F7-4668-BE54-9A1E7A4F7556}") = "_build", "build\_build.csproj", "{B26C9958-7C49-4600-9464-80B1138F931E}"
EndProject
Project("{2150E333-8FDC-42A3-9474-1A3956D46DE8}") = "src", "src", "{827E0CD3-B72D-47B6-A68D-7590B98EB39B}"
EndProject
Project("{FAE04EC0-301F-11D3-BF4B-00C04F79EFBC}") = "FIFOCalculator.Engine", "src\FIFOCalculator.Engine\FIFOCalculator.Engine.csproj", "{3A6B7020-1C7B-4F64-B1CE-DCA5FA9E065D}"
EndProject
Project("{2150E333-8FDC-42A3-9474-1A3956D46DE8}") = "tests", "tests", "{0AB3BF05-4346-4AA6-1389-037BE0695223}"
EndProject
Project("{FAE04EC0-301F-11D3-BF4B-00C04F79EFBC}") = "TestProject1", "tests\TestProject1.csproj", "{1A96742F-7E98-4BE4-BCE8-816F8DD994EE}"
EndProject
Global
	GlobalSection(SolutionConfigurationPlatforms) = preSolution
		Debug|Any CPU = Debug|Any CPU
		Debug|x64 = Debug|x64
		Debug|x86 = Debug|x86
		Release|Any CPU = Release|Any CPU
		Release|x64 = Release|x64
		Release|x86 = Release|x86
	EndGlobalSection
	GlobalSection(ProjectConfigurationPlatforms) = postSolution
		{6802C65E-25DC-4971-A36D-7188BA3533BC}.Debug|Any CPU.ActiveCfg = Debug|Any CPU
		{6802C65E-25DC-4971-A36D-7188BA3533BC}.Debug|Any CPU.Build.0 = Debug|Any CPU
		{6802C65E-25DC-4971-A36D-7188BA3533BC}.Debug|x64.ActiveCfg = Debug|Any CPU
		{6802C65E-25DC-4971-A36D-7188BA3533BC}.Debug|x64.Build.0 = Debug|Any CPU
		{6802C65E-25DC-4971-A36D-7188BA3533BC}.Debug|x86.ActiveCfg = Debug|Any CPU
		{6802C65E-25DC-4971-A36D-7188BA3533BC}.Debug|x86.Build.0 = Debug|Any CPU
		{6802C65E-25DC-4971-A36D-7188BA3533BC}.Release|Any CPU.ActiveCfg = Release|Any CPU
		{6802C65E-25DC-4971-A36D-7188BA3533BC}.Release|Any CPU.Build.0 = Release|Any CPU
		{6802C65E-25DC-4971-A36D-7188BA3533BC}.Release|x64.ActiveCfg = Release|Any CPU
		{6802C65E-25DC-4971-A36D-7188BA3533BC}.Release|x64.Build.0 = Release|Any CPU
		{6802C65E-25DC-4971-A36D-7188BA3533BC}.Release|x86.ActiveCfg = Release|Any CPU
		{6802C65E-25DC-4971-A36D-7188BA3533BC}.Release|x86.Build.0 = Release|Any CPU
		{952FF702-9D84-4046-A51B-76A5283F9A84}.Debug|Any CPU.ActiveCfg = Debug|Any CPU
		{952FF702-9D84-4046-A51B-76A5283F9A84}.Debug|Any CPU.Build.0 = Debug|Any CPU
		{952FF702-9D84-4046-A51B-76A5283F9A84}.Debug|Any CPU.Deploy.0 = Debug|Any CPU
		{952FF702-9D84-4046-A51B-76A5283F9A84}.Debug|x64.ActiveCfg = Debug|Any CPU
		{952FF702-9D84-4046-A51B-76A5283F9A84}.Debug|x64.Build.0 = Debug|Any CPU
		{952FF702-9D84-4046-A51B-76A5283F9A84}.Debug|x86.ActiveCfg = Debug|Any CPU
		{952FF702-9D84-4046-A51B-76A5283F9A84}.Debug|x86.Build.0 = Debug|Any CPU
		{952FF702-9D84-4046-A51B-76A5283F9A84}.Release|Any CPU.ActiveCfg = Release|Any CPU
		{952FF702-9D84-4046-A51B-76A5283F9A84}.Release|Any CPU.Build.0 = Release|Any CPU
		{952FF702-9D84-4046-A51B-76A5283F9A84}.Release|Any CPU.Deploy.0 = Release|Any CPU
		{952FF702-9D84-4046-A51B-76A5283F9A84}.Release|x64.ActiveCfg = Release|Any CPU
		{952FF702-9D84-4046-A51B-76A5283F9A84}.Release|x64.Build.0 = Release|Any CPU
		{952FF702-9D84-4046-A51B-76A5283F9A84}.Release|x86.ActiveCfg = Release|Any CPU
		{952FF702-9D84-4046-A51B-76A5283F9A84}.Release|x86.Build.0 = Release|Any CPU
		{9CDE746F-CA21-42CE-94A4-F4610F5F53F0}.Debug|Any CPU.ActiveCfg = Debug|Any CPU
		{9CDE746F-CA21-42CE-94A4-F4610F5F53F0}.Debug|Any CPU.Build.0 = Debug|Any CPU
		{9CDE746F-CA21-42CE-94A4-F4610F5F53F0}.Debug|x64.ActiveCfg = Debug|Any CPU
		{9CDE746F-CA21-42CE-94A4-F4610F5F53F0}.Debug|x64.Build.0 = Debug|Any CPU
		{9CDE746F-CA21-42CE-94A4-F4610F5F53F0}.Debug|x86.ActiveCfg = Debug|Any CPU
		{9CDE746F-CA21-42CE-94A4-F4610F5F53F0}.Debug|x86.Build.0 = Debug|Any CPU
		{9CDE746F-CA21-42CE-94A4-F4610F5F53F0}.Release|Any CPU.ActiveCfg = Release|Any CPU
		{9CDE746F-CA21-42CE-94A4-F4610F5F53F0}.Release|Any CPU.Build.0 = Release|Any CPU
		{9CDE746F-CA21-42CE-94A4-F4610F5F53F0}.Release|x64.ActiveCfg = Release|Any CPU
		{9CDE746F-CA21-42CE-94A4-F4610F5F53F0}.Release|x64.Build.0 = Release|Any CPU
		{9CDE746F-CA21-42CE-94A4-F4610F5F53F0}.Release|x86.ActiveCfg = Release|Any CPU
		{9CDE746F-CA21-42CE-94A4-F4610F5F53F0}.Release|x86.Build.0 = Release|Any CPU
		{B26C9958-7C49-4600-9464-80B1138F931E}.Debug|Any CPU.ActiveCfg = Debug|Any CPU
		{B26C9958-7C49-4600-9464-80B1138F931E}.Debug|x64.ActiveCfg = Debug|Any CPU
		{B26C9958-7C49-4600-9464-80B1138F931E}.Debug|x64.Build.0 = Debug|Any CPU
		{B26C9958-7C49-4600-9464-80B1138F931E}.Debug|x86.ActiveCfg = Debug|Any CPU
		{B26C9958-7C49-4600-9464-80B1138F931E}.Debug|x86.Build.0 = Debug|Any CPU
		{B26C9958-7C49-4600-9464-80B1138F931E}.Release|Any CPU.ActiveCfg = Release|Any CPU
		{B26C9958-7C49-4600-9464-80B1138F931E}.Release|x64.ActiveCfg = Release|Any CPU
		{B26C9958-7C49-4600-9464-80B1138F931E}.Release|x64.Build.0 = Release|Any CPU
		{B26C9958-7C49-4600-9464-80B1138F931E}.Release|x86.ActiveCfg = Release|Any CPU
		{B26C9958-7C49-4600-9464-80B1138F931E}.Release|x86.Build.0 = Release|Any CPU
		{3A6B7020-1C7B-4F64-B1CE-DCA5FA9E065D}.Debug|Any CPU.ActiveCfg = Debug|Any CPU
		{3A6B7020-1C7B-4F64-B1CE-DCA5FA9E065D}.Debug|Any CPU.Build.0 = Debug|Any CPU
		{3A6B7020-1C7B-4F64-B1CE-DCA5FA9E065D}.Debug|x64.ActiveCfg = Debug|Any CPU
		{3A6B7020-1C7B-4F64-B1CE-DCA5FA9E065D}.Debug|x64.Build.0 = Debug|Any CPU
		{3A6B7020-1C7B-4F64-B1CE-DCA5FA9E065D}.Debug|x86.ActiveCfg = Debug|Any CPU
		{3A6B7020-1C7B-4F64-B1CE-DCA5FA9E065D}.Debug|x86.Build.0 = Debug|Any CPU
		{3A6B7020-1C7B-4F64-B1CE-DCA5FA9E065D}.Release|Any CPU.ActiveCfg = Release|Any CPU
		{3A6B7020-1C7B-4F64-B1CE-DCA5FA9E065D}.Release|Any CPU.Build.0 = Release|Any CPU
		{3A6B7020-1C7B-4F64-B1CE-DCA5FA9E065D}.Release|x64.ActiveCfg = Release|Any CPU
		{3A6B7020-1C7B-4F64-B1CE-DCA5FA9E065D}.Release|x64.Build.0 = Release|Any CPU
		{3A6B7020-1C7B-4F64-B1CE-DCA5FA9E065D}.Release|x86.ActiveCfg = Release|Any CPU
		{3A6B7020-1C7B-4F64-B1CE-DCA5FA9E065D}.Release|x86.Build.0 = Release|Any CPU
		{1A96742F-7E98-4BE4-BCE8-816F8DD994EE}.Debug|Any CPU.ActiveCfg = Debug|Any CPU
		{1A96742F-7E98-4BE4-BCE8-816F8DD994EE}.Debug|Any CPU.Build.0 = Debug|Any CPU
		{1A96742F-7E98-4BE4-BCE8-816F8DD994EE}.Debug|x64.ActiveCfg = Debug|Any CPU
		{1A96742F-7E98-4BE4-BCE8-816F8DD994EE}.Debug|x64.Build.0 = Debug|Any CPU
		{1A96742F-7E98-4BE4-BCE8-816F8DD994EE}.Debug|x86.ActiveCfg = Debug|Any CPU
		{1A96742F-7E98-4BE4-BCE8-816F8DD994EE}.Debug|x86.Build.0 = Debug|Any CPU
		{1A96742F-7E98-4BE4-BCE8-816F8DD994EE}.Release|Any CPU.ActiveCfg = Release|Any CPU
		{1A96742F-7E98-4BE4-BCE8-816F8DD994EE}.Release|Any CPU.Build.0 = Release|Any CPU
		{1A96742F-7E98-4BE4-BCE8-816F8DD994EE}.Release|x64.ActiveCfg = Release|Any CPU
		{1A96742F-7E98-4BE4-BCE8-816F8DD994EE}.Release|x64.Build.0 = Release|Any CPU
		{1A96742F-7E98-4BE4-BCE8-816F8DD994EE}.Release|x86.ActiveCfg = Release|Any CPU
		{1A96742F-7E98-4BE4-BCE8-816F8DD994EE}.Release|x86.Build.0 = Release|Any CPU
	EndGlobalSection
	GlobalSection(SolutionProperties) = preSolution
		HideSolutionNode = FALSE
	EndGlobalSection
	GlobalSection(NestedProjects) = preSolution
		{3A6B7020-1C7B-4F64-B1CE-DCA5FA9E065D} = {827E0CD3-B72D-47B6-A68D-7590B98EB39B}
		{1A96742F-7E98-4BE4-BCE8-816F8DD994EE} = {0AB3BF05-4346-4AA6-1389-037BE0695223}
	EndGlobalSection
	GlobalSection(ExtensibilityGlobals) = postSolution
		SolutionGuid = {9D1A949B-25CC-4E44-A632-2824A511C547}
	EndGlobalSection
EndGlobal
